{
  "name": "@is-(unknown)/is-true",
  "version": "1.5.1",
  "lockfileVersion": 3,
  "requires": true,
  "packages": {
    "": {
      "name": "@is-(unknown)/is-true",
      "version": "1.5.1",
      "license": "MIT",
      "dependencies": {
        "@falsejs/is-true-helper": "^1.1.1"
      }
    },
    "node_modules/@andreaspizsa/true": {
      "version": "1.0.1",
      "resolved": "https://registry.npmjs.org/@andreaspizsa/true/-/true-1.0.1.tgz",
      "integrity": "sha512-9KavgEw/oqoMxJj6Dp7b8/8IS6NB8o7TkwLNyCKSgfs2PURVBWbevwXG2H0W5B8f3jaT3MbYeuf7tBczrhyS5g==",
      "license": "MIT",
      "engines": {
        "node": ">=8.3"
      }
    },
    "node_modules/@errorstream/err": {
      "version": "1.1.0",
      "resolved": "https://registry.npmjs.org/@errorstream/err/-/err-1.1.0.tgz",
      "integrity": "sha512-eXBVDOf8CqkGX38K4SwsLRxfNhEAZepkV1y0BN/mWkt+RpppLNHQKdeSt2sUvgnC44rUIvQfNK0UxEUHRjB8UQ==",
      "license": "ISC"
    },
    "node_modules/@extremejs/utils": {
      "version": "1.0.0-beta.22",
      "resolved": "https://registry.npmjs.org/@extremejs/utils/-/utils-1.0.0-beta.22.tgz",
      "integrity": "sha512-0R2vaDkNv8jE4CP+u4BTOIo6dh+NDDXdk2lWTfwr3kPCL9lilFech4SywliFuhgS3U7ullosSuoMXiQJN2vIMw==",
      "license": "MIT",
      "engines": {
        "node": ">= 18.12.0"
      }
    },
    "node_modules/@falsejs/is-true-helper": {
      "version": "1.1.1",
      "resolved": "https://registry.npmjs.org/@falsejs/is-true-helper/-/is-true-helper-1.1.1.tgz",
      "integrity": "sha512-rLCfvaTmLrgUS0SRrcoq/dnpk8Ki8YOByhjl81XquUtmRCefmH+Z1tbUJZyyRH1SfGsvmxMlSWbEq7STpkG4hw==",
      "license": "MIT",
      "dependencies": {
        "is-precisely-true": "^1.0.1"
      }
    },
    "node_modules/@is-(unknown)/is-function": {
      "version": "1.0.0",
      "resolved": "https://registry.npmjs.org/@is-(unknown)/is-function/-/is-function-1.0.0.tgz",
      "integrity": "sha512-yPHSnWLTQRoZLB2j7oZumHr0WSAtmgPPSH/meGmfJtrVovXLNaHVceIHfPjo7Lfbpq8fmBsXWRNHrpjsoecMTQ==",
      "license": "Unlicense",
      "dependencies": {
        "@extremejs/utils": "^1.0.0-beta.22"
      }
    },
    "node_modules/@not-js/not": {
      "version": "1.1.1",
      "resolved": "https://registry.npmjs.org/@not-js/not/-/not-1.1.1.tgz",
      "integrity": "sha512-WH5YJD5w6xD1jA5FuihcAwnn0IifI0XRgOpOzqf0BpHaUHoPivodiD0T8nhRHQur21CkhrSpzyVbOG1aTqmSuQ==",
      "license": "MIT",
      "dependencies": {
        "function.apply-x": "^1.0.0",
        "literally": "^1.0.0",
        "not": "^0.1.0",
        "uncurry-x": "^1.0.1",
        "yanoop": "^1.0.0"
      }
    },
    "node_modules/async-function": {
      "version": "1.0.0",
      "resolved": "https://registry.npmjs.org/async-function/-/async-function-1.0.0.tgz",
      "integrity": "sha512-hsU18Ae8CDTR6Kgu9DYf0EbCr/a5iGL0rytQDobUcdpYOKokk8LEjVphnXkDkgpi0wYVsqrXuP0bZxJaTqdgoA==",
      "license": "MIT",
      "engines": {
        "node": ">= 0.4"
      }
    },
    "node_modules/async-generator-function": {
      "version": "1.0.0",
      "resolved": "https://registry.npmjs.org/async-generator-function/-/async-generator-function-1.0.0.tgz",
      "integrity": "sha512-+NAXNqgCrB95ya4Sr66i1CL2hqLVckAk7xwRYWdcm39/ELQ6YNn1aw5r0bdQtqNZgQpEWzc5yc/igXc7aL5SLA==",
      "license": "MIT",
      "engines": {
        "node": ">= 0.4"
      }
    },
    "node_modules/call-bind-apply-helpers": {
      "version": "1.0.2",
      "resolved": "https://registry.npmjs.org/call-bind-apply-helpers/-/call-bind-apply-helpers-1.0.2.tgz",
      "integrity": "sha512-Sp1ablJ0ivDkSzjcaJdxEunN5/XvksFJ2sMBFfq6x0ryhQV/2b/KwFe21cMpmHtPOSij8K99/wSfoEuTObmuMQ==",
      "license": "MIT",
      "dependencies": {
        "es-errors": "^1.3.0",
        "function-bind": "^1.1.2"
      },
      "engines": {
        "node": ">= 0.4"
      }
    },
    "node_modules/construct-new-second": {
      "version": "1.0.0",
      "resolved": "https://registry.npmjs.org/construct-new-second/-/construct-new-second-1.0.0.tgz",
      "integrity": "sha512-5wGcTVmYcK5H0UiN8gsW4KL/x9USdt7z9pBLyTJjSHJ0xa9CrgajL7qKKGpbSmdXXvFSGegzdb3U6w+5I8PB0w==",
      "license": "MIT",
      "dependencies": {
        "@andreaspizsa/true": "^1.0.1",
        "@errorstream/err": "^1.1.0",
        "@is-(unknown)/is-function": "^1.0.0",
        "es-intrinsic-cache": "^1.0.4",
        "es-logical-not-operator": "^1.0.0",
        "function.apply-x": "^1.0.0",
        "is_null_or_undefined": "^0.0.1",
        "is-array-like": "^1.1.2",
        "is-constructable": "^1.0.0",
        "is-nonpresent": "^1.0.0",
        "lodash.stubarray": "^4.13.0",
        "n0p3-es2015-cjs": "^1.0.1",
        "object.create-intrinsic-ai": "^1.0.0",
        "uncurry-x": "^1.0.1"
      }
    },
    "node_modules/define-data-property": {
      "version": "1.1.4",
      "resolved": "https://registry.npmjs.org/define-data-property/-/define-data-property-1.1.4.tgz",
      "integrity": "sha512-rBMvIzlpA8v6E+SJZoo++HAYqsLrkg7MSfIinMPFhmkorw7X+dOXVJQs+QT69zGkzMyfDnIMN2Wid1+NbL3T+A==",
      "license": "MIT",
      "dependencies": {
        "es-define-property": "^1.0.0",
        "es-errors": "^1.3.0",
        "gopd": "^1.0.1"
      },
      "engines": {
        "node": ">= 0.4"
      },
      "funding": {
        "url": "https://github.com/sponsors/ljharb"
      }
    },
    "node_modules/desync": {
      "version": "1.1.2",
      "resolved": "https://registry.npmjs.org/desync/-/desync-1.1.2.tgz",
      "integrity": "sha512-kCUPqjrzIa83kAK+r0DO/S+hwYW6g+8ti7VDcON2c/u6PAB7VdEnkeLdOmtDtXOLdEcegAiP08/uKPlnFFGkYA==",
      "license": "MIT"
    },
    "node_modules/dunder-proto": {
      "version": "1.0.1",
      "resolved": "https://registry.npmjs.org/dunder-proto/-/dunder-proto-1.0.1.tgz",
      "integrity": "sha512-KIN/nDJBQRcXw0MLVhZE9iQHmG68qAVIBg9CqmUYjmQIhgij9U5MFvrqkUL5FbtyyzZuOeOt0zdeRe4UY7ct+A==",
      "license": "MIT",
      "dependencies": {
        "call-bind-apply-helpers": "^1.0.1",
        "es-errors": "^1.3.0",
        "gopd": "^1.2.0"
      },
      "engines": {
        "node": ">= 0.4"
      }
    },
    "node_modules/dunder-proto-x": {
      "version": "1.0.0",
      "resolved": "https://registry.npmjs.org/dunder-proto-x/-/dunder-proto-x-1.0.0.tgz",
      "integrity": "sha512-iZ/fT0DGQbatM8a1i714aQ3NQ+wgg0NDNK5lu5RUMG9fxJFl5h5q5E6D0jE9Ou9msphn+0KGf31nOgOgBfUDfA==",
      "license": "MIT",
      "dependencies": {
        "es-error-intrinsics": "^1.0.1",
        "es-object-atoms": "^1.1.1",
        "gopd": "^1.2.0",
        "uncurry-x": "^1.0.1"
      }
    },
    "node_modules/es-define-property": {
      "version": "1.0.1",
      "resolved": "https://registry.npmjs.org/es-define-property/-/es-define-property-1.0.1.tgz",
      "integrity": "sha512-e3nRfgfUZ4rNGL232gUgX06QNyyez04KdjFrF+LTRoOXmrOgFKDg4BCdsjW8EnT69eqdYGmRpJwiPVYNrCaW3g==",
      "license": "MIT",
      "engines": {
        "node": ">= 0.4"
      }
    },
    "node_modules/es-error-intrinsics": {
      "version": "1.0.1",
      "resolved": "https://registry.npmjs.org/es-error-intrinsics/-/es-error-intrinsics-1.0.1.tgz",
      "integrity": "sha512-yMQtDzEbMdMOz5D714wSZGg1ca9avEfQAk4dMHiYSV+gXNVqTMjQ+bFt1TJd0nHxUBz+bM280BDlADFw9VVB9w==",
      "license": "MIT"
    },
    "node_modules/es-errors": {
      "version": "1.3.0",
      "resolved": "https://registry.npmjs.org/es-errors/-/es-errors-1.3.0.tgz",
      "integrity": "sha512-Zf5H2Kxt2xjTvbJvP2ZWLEICxA6j+hAmMzIlypy4xcBg1vKVnx89Wy0GbS+kf5cwCVFFzdCFh2XSCFNULS6csw==",
      "license": "MIT",
      "engines": {
        "node": ">= 0.4"
      }
    },
    "node_modules/es-intrinsic-cache": {
      "version": "1.0.4",
      "resolved": "https://registry.npmjs.org/es-intrinsic-cache/-/es-intrinsic-cache-1.0.4.tgz",
      "integrity": "sha512-zU7ooNCIzx1v9cBqJy8gXSiFKC8r1FLFiCe8pRrDmOwNuc0cMxYLNjO4p07DH7fQONvJKVAwy5HNdBPoy3XuEQ==",
      "license": "MIT",
      "dependencies": {
        "async-function": "^1.0.0",
        "async-generator-function": "^1.0.0",
        "es-define-property": "^1.0.1",
        "es-error-intrinsics": "^1.0.0",
        "es-object-atoms": "^1.1.1",
        "function-bind": "^1.1.2",
        "function.apply-x": "^1.0.0",
        "function.call-x": "^1.0.0",
        "generator-function": "^2.0.1",
        "get-proto-x": "^1.0.0",
        "gopd": "^1.2.0",
        "has-symbol-support-x": "^1.4.2",
        "hasown": "^2.0.2",
        "math-intrinsics": "^1.1.0",
        "object.getprototypeof-x": "^1.0.0",
        "reflect.getprototypeof-x": "^1.0.0"
      }
    },
    "node_modules/es-logical-not-operator": {
      "version": "1.0.0",
      "resolved": "https://registry.npmjs.org/es-logical-not-operator/-/es-logical-not-operator-1.0.0.tgz",
      "integrity": "sha512-aNbUeqfHiMgWai6dbX8PfSWODmEq1ffnTh2TkC9rWNlORMAnvYh7A/BhS6rLfHsjAjvVQfzBv0Wopv+FSjYS0g==",
      "license": "EGPSL10X-1.0",
      "dependencies": {
        "@not-js/not": "^1.1.0",
        "literally": "^1.0.0",
        "yanoop": "^1.0.0"
      }
    },
    "node_modules/es-object-atoms": {
      "version": "1.1.1",
      "resolved": "https://registry.npmjs.org/es-object-atoms/-/es-object-atoms-1.1.1.tgz",
      "integrity": "sha512-FGgH2h8zKNim9ljj7dankFPcICIK9Cp5bm+c2gQSYePhpaG5+esrLODihIorn+Pe6FGJzWhXQotPv73jTaldXA==",
      "license": "MIT",
      "dependencies": {
        "es-errors": "^1.3.0"
      },
      "engines": {
        "node": ">= 0.4"
      }
    },
    "node_modules/false-value": {
      "version": "2.0.6",
      "resolved": "https://registry.npmjs.org/false-value/-/false-value-2.0.6.tgz",
      "integrity": "sha512-G7epeZLimEOtbFK17pADulOyp10sdiIwOScLsnjiavbVQ54rQihxUeUOQWMIt04ztZaCdjz0pe7v8f3jypGXWg==",
      "license": "MIT",
      "dependencies": {
        "true-value": "^2.0.5"
      }
    },
    "node_modules/false-value/node_modules/true-value": {
      "version": "2.0.5",
      "resolved": "https://registry.npmjs.org/true-value/-/true-value-2.0.5.tgz",
      "integrity": "sha512-/3BokLYzCelErHUtNjN/h8usRdHVoyiZ8XjfntzOZAYs8D0wSyc98KBIMM+gLqmq2RI8Zk3SnuqZI89hiopiRw==",
      "license": "UNLICENSED"
    },
    "node_modules/function-bind": {
      "version": "1.1.2",
      "resolved": "https://registry.npmjs.org/function-bind/-/function-bind-1.1.2.tgz",
      "integrity": "sha512-7XHNxH7qX9xG5mIwxkhumTox/MIRNcOgDrxWsMt2pAr23WHp6MrRlN7FBSFpCpr+oVO0F744iUgR82nJMfG2SA==",
      "license": "MIT",
      "funding": {
        "url": "https://github.com/sponsors/ljharb"
      }
    },
    "node_modules/function.apply-x": {
      "version": "1.0.0",
      "resolved": "https://registry.npmjs.org/function.apply-x/-/function.apply-x-1.0.0.tgz",
      "integrity": "sha512-j2AkYryWRSHYDySZfzBbDKsjJviWmJM4r361+GnDXPnZ6ie7WGzNesXmFDi9xMWQXVaFUSAT2nyq47QYz1wZIQ==",
      "license": "MIT"
    },
    "node_modules/function.call-x": {
      "version": "1.0.0",
      "resolved": "https://registry.npmjs.org/function.call-x/-/function.call-x-1.0.0.tgz",
      "integrity": "sha512-k/QWjkUv4WtCiAhH27Z0ulToohVPb//7zn5UkMUSZefe4ygabjquyErtkUlkq9Fy8bBFekNjkYZJdWtGVdCNXA==",
      "license": "MIT"
    },
    "node_modules/generator-function": {
      "version": "2.0.1",
      "resolved": "https://registry.npmjs.org/generator-function/-/generator-function-2.0.1.tgz",
      "integrity": "sha512-SFdFmIJi+ybC0vjlHN0ZGVGHc3lgE0DxPAT0djjVg+kjOnSqclqmj0KQ7ykTOLP6YxoqOvuAODGdcHJn+43q3g==",
      "license": "MIT",
      "engines": {
        "node": ">= 0.4"
      }
    },
    "node_modules/get-intrinsic": {
      "version": "1.3.0",
      "resolved": "https://registry.npmjs.org/get-intrinsic/-/get-intrinsic-1.3.0.tgz",
      "integrity": "sha512-9fSjSaos/fRIVIp+xSJlE6lfwhES7LNtKaCBIamHsjr2na1BiABJPo0mOjjz8GJDURarmCPGqaiVg5mfjb98CQ==",
      "license": "MIT",
      "dependencies": {
        "call-bind-apply-helpers": "^1.0.2",
        "es-define-property": "^1.0.1",
        "es-errors": "^1.3.0",
        "es-object-atoms": "^1.1.1",
        "function-bind": "^1.1.2",
        "get-proto": "^1.0.1",
        "gopd": "^1.2.0",
        "has-symbols": "^1.1.0",
        "hasown": "^2.0.2",
        "math-intrinsics": "^1.1.0"
      },
      "engines": {
        "node": ">= 0.4"
      },
      "funding": {
        "url": "https://github.com/sponsors/ljharb"
      }
    },
    "node_modules/get-proto": {
      "version": "1.0.1",
      "resolved": "https://registry.npmjs.org/get-proto/-/get-proto-1.0.1.tgz",
      "integrity": "sha512-sTSfBjoXBp89JvIKIefqw7U2CCebsc74kiY6awiGogKtoSGbgjYE/G/+l9sF3MWFPNc9IcoOC4ODfKHfxFmp0g==",
      "license": "MIT",
      "dependencies": {
        "dunder-proto": "^1.0.1",
        "es-object-atoms": "^1.0.0"
      },
      "engines": {
        "node": ">= 0.4"
      }
    },
    "node_modules/get-proto-x": {
      "version": "1.0.0",
      "resolved": "https://registry.npmjs.org/get-proto-x/-/get-proto-x-1.0.0.tgz",
      "integrity": "sha512-u0bmIz791AvxvqQ4vTG20A4SXgagm1u50NGNAvDPaZu+ufNx8U7YufYtzinczdTn7wNXSbu+eMORQ4tXG26yhQ==",
      "license": "MIT",
      "dependencies": {
        "dunder-proto-x": "^1.0.0",
        "es-error-intrinsics": "^1.0.1",
        "object.getprototypeof-x": "^1.0.0",
        "reflect.getprototypeof-x": "^1.0.0"
      }
    },
    "node_modules/gopd": {
      "version": "1.2.0",
      "resolved": "https://registry.npmjs.org/gopd/-/gopd-1.2.0.tgz",
      "integrity": "sha512-ZUKRh6/kUFoAiTAtTYPZJ3hw9wNxx+BIBOijnlG9PnrJsCcSjs1wyyD6vJpaYtgnzDrKYRSqf3OO6Rfa93xsRg==",
      "license": "MIT",
      "engines": {
        "node": ">= 0.4"
      },
      "funding": {
        "url": "https://github.com/sponsors/ljharb"
      }
    },
    "node_modules/has-property-descriptors": {
      "version": "1.0.2",
      "resolved": "https://registry.npmjs.org/has-property-descriptors/-/has-property-descriptors-1.0.2.tgz",
      "integrity": "sha512-55JNKuIW+vq4Ke1BjOTjM2YctQIvCT7GFzHwmfZPGo5wnrgkid0YQtnAleFSqumZm4az3n2BS+erby5ipJdgrg==",
      "license": "MIT",
      "dependencies": {
        "es-define-property": "^1.0.0"
      },
      "funding": {
        "url": "https://github.com/sponsors/ljharb"
      }
    },
    "node_modules/has-symbol-support-x": {
      "version": "1.4.2",
      "resolved": "https://registry.npmjs.org/has-symbol-support-x/-/has-symbol-support-x-1.4.2.tgz",
      "integrity": "sha512-3ToOva++HaW+eCpgqZrCfN51IPB+7bJNVT6CUATzueB5Heb8o6Nam0V3HG5dlDvZU1Gn5QLcbahiKw/XVk5JJw==",
      "license": "MIT",
      "engines": {
        "node": "*"
      }
    },
    "node_modules/has-symbols": {
      "version": "1.1.0",
      "resolved": "https://registry.npmjs.org/has-symbols/-/has-symbols-1.1.0.tgz",
      "integrity": "sha512-1cDNdwJ2Jaohmb3sg4OmKaMBwuC48sYni5HUw2DvsC8LjGTLK9h+eb1X6RyuOHe4hT0ULCW68iomhjUoKUqlPQ==",
      "license": "MIT",
      "engines": {
        "node": ">= 0.4"
      },
      "funding": {
        "url": "https://github.com/sponsors/ljharb"
      }
    },
    "node_modules/hasown": {
      "version": "2.0.2",
      "resolved": "https://registry.npmjs.org/hasown/-/hasown-2.0.2.tgz",
      "integrity": "sha512-0hJU9SCPvmMzIBdZFqNPXWa6dqh7WdH0cII9y+CyS8rG3nL48Bclra9HmKhVVUHyPWNH5Y7xDwAB7bfgSjkUMQ==",
      "license": "MIT",
      "dependencies": {
        "function-bind": "^1.1.2"
      },
      "engines": {
        "node": ">= 0.4"
      }
    },
    "node_modules/is_null_or_undefined": {
      "version": "0.0.1",
      "resolved": "https://registry.npmjs.org/is_null_or_undefined/-/is_null_or_undefined-0.0.1.tgz",
      "integrity": "sha512-IwjMeMbkb+nm/d6BWjdoJ9GgfHCGjLZoCyKlOKcyBhSBw6X+w5xTHXnR+5Z4zncwFM6nqVVvsgVrOpLRoQNZAQ==",
      "license": "BSD-2-Clause"
    },
    "node_modules/is-array": {
      "version": "1.0.1",
      "resolved": "https://registry.npmjs.org/is-array/-/is-array-1.0.1.tgz",
      "integrity": "sha512-gxiZ+y/u67AzpeFmAmo4CbtME/bs7J2C++su5zQzvQyaxUqVzkh69DI+jN+KZuSO6JaH6TIIU6M6LhqxMjxEpw==",
      "license": "MIT"
    },
    "node_modules/is-array-like": {
      "version": "1.1.2",
      "resolved": "https://registry.npmjs.org/is-array-like/-/is-array-like-1.1.2.tgz",
      "integrity": "sha512-ENI9ZKpn3AXM4JiWKZ31cgwl0Dc3Mj7HCLCq60qngozG7EFRDNCMiCAURaD5wwRnehkP63Ge6Z7hoIg23OMzMw==",
      "license": "MIT",
      "dependencies": {
        "is-array": "^1.0.1",
        "is-function": "^1.0.1",
        "is-window": "^1.0.1"
      }
    },
    "node_modules/is-blank": {
      "version": "1.0.0",
      "resolved": "https://registry.npmjs.org/is-blank/-/is-blank-1.0.0.tgz",
      "integrity": "sha512-TdhL1rVh1YmRNeVCEMXacXGTHNczcprPR1+jym5Hbnpa8qLoIMtMmjpU1d7Y0YdCcco2PAvARdnLQ6Thx/jaew==",
      "license": "MIT",
      "dependencies": {
        "is-empty": "0.0.1",
        "is-whitespace": "^0.3.0"
      }
    },
    "node_modules/is-constructable": {
      "version": "1.0.0",
      "resolved": "https://registry.npmjs.org/is-constructable/-/is-constructable-1.0.0.tgz",
      "integrity": "sha512-80YSSxdVQp8n9TSvisKqFD0sPEtUaHwPdDNr4+6GERmuPhj8BMM4iuTq06p4Um4DEg/gXu++BChUyMcOKcYeVg==",
      "license": "MIT"
    },
    "node_modules/is-empty": {
      "version": "0.0.1",
      "resolved": "https://registry.npmjs.org/is-empty/-/is-empty-0.0.1.tgz",
      "integrity": "sha512-jYWXLEBmq8udg0gP7mw8tmyd9Yahzzp3kfLdcXj7ydkeVxjQkQ82U/Fx1sJRUMfkpO6vDGjWfke1tK8XYv+T5Q=="
    },
    "node_modules/is-function": {
      "version": "1.0.2",
      "resolved": "https://registry.npmjs.org/is-function/-/is-function-1.0.2.tgz",
      "integrity": "sha512-lw7DUp0aWXYg+CBCN+JKkcE0Q2RayZnSvnZBlwgxHBQhqt5pZNVy4Ri7H9GmmXkdu7LUthszM+Tor1u/2iBcpQ==",
      "license": "MIT"
    },
    "node_modules/is-nonpresent": {
      "version": "1.0.1",
      "resolved": "https://registry.npmjs.org/is-nonpresent/-/is-nonpresent-1.0.1.tgz",
      "integrity": "sha512-YsqeE6qcqcd9ZofWQlt2q0tHAT348nxv9vVOui7RO8yoT+3J4TAeY+0KjXDb8G2xrwoTGwe9+m4TXKmRjGxmFg==",
      "license": "MIT",
      "dependencies": {
        "es-logical-not-operator": "^1.0.0",
        "is-present": "^1.0.0"
      }
    },
    "node_modules/is-precisely-true": {
      "version": "1.0.1",
      "resolved": "https://registry.npmjs.org/is-precisely-true/-/is-precisely-true-1.0.1.tgz",
      "integrity": "sha512-6xNVLXg0hhCjfpza6SaWvAMYYESfUyT/ri77jmadOniIZMj9lBUzBCwsrAJyOgWDu69W1R6wj+LwF482bK+UrA==",
      "license": "MIT",
      "dependencies": {
        "false-value": "^2.0.6",
        "true-value": "^3.0.0"
      }
    },
    "node_modules/is-present": {
      "version": "1.0.0",
      "resolved": "https://registry.npmjs.org/is-present/-/is-present-1.0.0.tgz",
      "integrity": "sha512-k3hcumGPxoqTO0fs5aoomkyDjViXgb7lWBB/iFIn+zg9EepNJwUJmi+BzD3k2i0fNTMWYRBHGLOTPtOEzFREVA==",
      "license": "MIT",
      "dependencies": {
        "is-blank": "1.0.0"
      }
    },
    "node_modules/is-whitespace": {
      "version": "0.3.0",
      "resolved": "https://registry.npmjs.org/is-whitespace/-/is-whitespace-0.3.0.tgz",
      "integrity": "sha512-RydPhl4S6JwAyj0JJjshWJEFG6hNye3pZFBRZaTUfZFwGHxzppNaNOVgQuS/E/SlhrApuMXrpnK1EEIXfdo3Dg==",
      "license": "MIT",
      "engines": {
        "node": ">=0.10.0"
      }
    },
    "node_modules/is-window": {
      "version": "1.0.2",
      "resolved": "https://registry.npmjs.org/is-window/-/is-window-1.0.2.tgz",
      "integrity": "sha512-uj00kdXyZb9t9RcAUAwMZAnkBUwdYGhYlt7djMXhfyhUCzwNba50tIiBKR7q0l7tdoBtFVw/3JmLY6fI3rmZmg==",
      "license": "MIT"
    },
    "node_modules/literally": {
      "version": "1.0.0",
      "resolved": "https://registry.npmjs.org/literally/-/literally-1.0.0.tgz",
      "integrity": "sha512-TEvA9VwUvk46y4M5quP8MxB0wCbB4vE2l5olRYI0+MTfYB9r0lzvKhnIMuBTf8V25pS/7SsGPpLDPk6v2bjgxA==",
      "license": "MIT",
      "dependencies": {
        "desync": "~1.1.1"
      }
    },
    "node_modules/lodash.stubarray": {
      "version": "4.13.0",
      "resolved": "https://registry.npmjs.org/lodash.stubarray/-/lodash.stubarray-4.13.0.tgz",
      "integrity": "sha512-FDOWSDbUZoPkAadkFhU87NGlWCwtjRiU+7z44IyxctGDWN0lF6oxhm/0jA07rNBTEB9vl98NYRCBrnKC9+TfrQ==",
      "license": "MIT"
    },
    "node_modules/math-intrinsics": {
      "version": "1.1.0",
      "resolved": "https://registry.npmjs.org/math-intrinsics/-/math-intrinsics-1.1.0.tgz",
      "integrity": "sha512-/IXtbwEk5HTPyEwyKX6hGkYXxM9nbj64B+ilVJnC/R6B0pH5G4V3b0pVbL7DBj4tkhBAppbQUlf6F6Xl9LHu1g==",
      "license": "MIT",
      "engines": {
        "node": ">= 0.4"
      }
    },
    "node_modules/n0p3-es2015-cjs": {
      "version": "1.0.1",
      "resolved": "https://registry.npmjs.org/n0p3-es2015-cjs/-/n0p3-es2015-cjs-1.0.1.tgz",
      "integrity": "sha512-qXdylAAHJmTwzy6/lrL3W3Q3JbLeRid1MpytFjg/27VbCqt+KWgFQlY67DZa8Q8A45PsWfyydb/B1Y/pQ5mVsg==",
      "license": "MIT"
    },
    "node_modules/not": {
      "version": "0.1.0",
      "resolved": "https://registry.npmjs.org/not/-/not-0.1.0.tgz",
      "integrity": "sha512-5PDmaAsVfnWUgTUbJ3ERwn7u79Z0dYxN9ErxCpVJJqe2RK0PJ3z+iFUxuqjwtlDDegXvtWoxD/3Fzxox7tFGWA=="
    },
    "node_modules/object-intrinsic-ai": {
      "version": "1.0.1",
      "resolved": "https://registry.npmjs.org/object-intrinsic-ai/-/object-intrinsic-ai-1.0.1.tgz",
      "integrity": "sha512-rwZDEsuMNs8d4gBxk4Kn/ctFobJ34k854YrLvusiXbj2JqcSwRrfMUUW4jyHuz6/SGRcd9T7nVhqRDqsyBZOFA==",
      "license": "MIT",
      "dependencies": {
        "es-object-atoms": "^1.1.1"
      }
    },
    "node_modules/object.create-intrinsic-ai": {
      "version": "1.0.0",
      "resolved": "https://registry.npmjs.org/object.create-intrinsic-ai/-/object.create-intrinsic-ai-1.0.0.tgz",
      "integrity": "sha512-iScQaD+HQZQpkg1ShqbWQK73DUPvoFtldL6BWFmFW2ynx6dHgZ8Fu4hC3nnBt3JpnGi4EoktHYdiKZ9jkDVYGA==",
      "license": "MIT",
      "dependencies": {
        "object-intrinsic-ai": "^1.0.1"
      }
    },
    "node_modules/object.getprototypeof-x": {
      "version": "1.0.0",
      "resolved": "https://registry.npmjs.org/object.getprototypeof-x/-/object.getprototypeof-x-1.0.0.tgz",
      "integrity": "sha512-/a7MSE9VyL07QrlA6pHJLDBTEmeMrxnvy716JNHztlrOCQmuIJRkW3dnzQ1O+7hAZ/6H93+j7/dKad5D8sjIvw==",
      "license": "MIT",
      "dependencies": {
        "es-object-atoms": "^1.1.1"
      }
    },
    "node_modules/reflect.getprototypeof-x": {
      "version": "1.0.0",
      "resolved": "https://registry.npmjs.org/reflect.getprototypeof-x/-/reflect.getprototypeof-x-1.0.0.tgz",
      "integrity": "sha512-cNfVVEzpliMtRmFjOuYOpFelPPupgjWQTmORMKhf23GpcVAehHL8xnGoeka49AEekCnO5BF/7viHCw9bKNcqUg==",
      "license": "MIT"
    },
    "node_modules/set-function-length": {
      "version": "1.2.2",
      "resolved": "https://registry.npmjs.org/set-function-length/-/set-function-length-1.2.2.tgz",
      "integrity": "sha512-pgRc4hJ4/sNjWCSS9AmnS40x3bNMDTknHgL5UaMBTMyJnU90EgWh1Rz+MC9eFu4BuN/UwZjKQuY/1v3rM7HMfg==",
      "license": "MIT",
      "dependencies": {
        "define-data-property": "^1.1.4",
        "es-errors": "^1.3.0",
        "function-bind": "^1.1.2",
        "get-intrinsic": "^1.2.4",
        "gopd": "^1.0.1",
        "has-property-descriptors": "^1.0.2"
      },
      "engines": {
        "node": ">= 0.4"
      }
    },
    "node_modules/true-value": {
      "version": "3.0.0",
      "resolved": "https://registry.npmjs.org/true-value/-/true-value-3.0.0.tgz",
      "integrity": "sha512-EvrOlvHrS/2ndgCq+J1sel2KyfjD1mG/iVgs21YPie7Br4prh5jxicH2SMX/be9HKX4DiPMyLgS42sp7Xrp5bg==",
      "license": "UNLICENSED",
      "dependencies": {
        "construct-new-second": "^1.0.0",
        "literally": "^1.0.0"
      }
    },
    "node_modules/uncurry-x": {
      "version": "1.0.1",
      "resolved": "https://registry.npmjs.org/uncurry-x/-/uncurry-x-1.0.1.tgz",
      "integrity": "sha512-lb1WMrKXwSwVE8Us8FSTUw+sImeOo0nBKrGghZIzSYvTVJ0njOhVnbolA2F06ATKJFvFm1gHYSiGNiwrBIzatA==",
      "license": "MIT",
      "dependencies": {
        "define-data-property": "^1.1.4",
        "function.call-x": "^1.0.0",
        "set-function-length": "^1.2.2"
      }
    },
    "node_modules/yanoop": {
      "version": "1.0.0",
      "resolved": "https://registry.npmjs.org/yanoop/-/yanoop-1.0.0.tgz",
      "integrity": "sha512-P/Zkeo4BUlzLSMUO1P7yls8Bca/w6wlty/CUX5jplTW8Gc0MteQ6cu9fiI/jhxJ6FyPs1gi0dWTWwX5MeEM8IA==",
      "license": "MIT"
    }
  }
}
