{
  "name": "@is-(unknown)/is-true",
  "version": "1.3.1",
  "lockfileVersion": 3,
  "requires": true,
  "packages": {
    "": {
      "name": "@is-(unknown)/is-true",
      "version": "1.3.1",
      "license": "MIT",
      "dependencies": {
        "@falsejs/is-true-helper": "^1.1.0"
      }
    },
    "node_modules/@falsejs/is-true-helper": {
      "version": "1.1.0",
      "resolved": "https://registry.npmjs.org/@falsejs/is-true-helper/-/is-true-helper-1.1.0.tgz",
      "integrity": "sha512-VgFOQQwl+mnmkDN+akGqBXrlkYFbF6u0T1goS+dLaLVXt47zVtoFL2wRALy8AS+NcaBTFPSpzr2Dodt0UTKisA==",
      "license": "MIT",
      "dependencies": {
        "@is-(unknown)/is-true": "^1.0.0"
      }
    },
    "node_modules/@is-(unknown)/is-true": {
      "version": "1.3.1",
      "resolved": "https://registry.npmjs.org/@is-(unknown)/is-true/-/is-true-1.3.1.tgz",
      "integrity": "sha512-glU6aYjvyGNdG7lytRCBy3l97yoHlKxasBewQCdSQ9UwRGDDB/98LzeycDNqGQiStUff2F8MtmaFnP14tNcZqQ==",
      "license": "MIT"
    }
  }
}
