{
  "name": "@is-(unknown)/is-true",
  "version": "1.4.0",
  "lockfileVersion": 3,
  "requires": true,
  "packages": {
    "": {
      "name": "@is-(unknown)/is-true",
      "version": "1.4.0",
      "license": "MIT",
      "dependencies": {
        "true-value": "^2.0.5"
      }
    },
    "node_modules/true-value": {
      "version": "2.0.5",
      "resolved": "https://registry.npmjs.org/true-value/-/true-value-2.0.5.tgz",
      "integrity": "sha512-/3BokLYzCelErHUtNjN/h8usRdHVoyiZ8XjfntzOZAYs8D0wSyc98KBIMM+gLqmq2RI8Zk3SnuqZI89hiopiRw==",
      "license": "UNLICENSED"
    }
  }
}
